// !$*UTF8*$!
{
	archiveVersion = 1;
	classes = {
	};
	objectVersion = 46;
	objects = {

/* Begin PBXBuildFile section */
		F297859D1C6D1A64009F8B61 /* AppDelegate.swift in Sources */ = {isa = PBXBuildFile; fileRef = F297859C1C6D1A64009F8B61 /* AppDelegate.swift */; };
		F297859F1C6D1A64009F8B61 /* ViewController.swift in Sources */ = {isa = PBXBuildFile; fileRef = F297859E1C6D1A64009F8B61 /* ViewController.swift */; };
		F29785A21C6D1A64009F8B61 /* Main.storyboard in Resources */ = {isa = PBXBuildFile; fileRef = F29785A01C6D1A64009F8B61 /* Main.storyboard */; };
		F29785A41C6D1A64009F8B61 /* Assets.xcassets in Resources */ = {isa = PBXBuildFile; fileRef = F29785A31C6D1A64009F8B61 /* Assets.xcassets */; };
		F29785A71C6D1A64009F8B61 /* LaunchScreen.storyboard in Resources */ = {isa = PBXBuildFile; fileRef = F29785A51C6D1A64009F8B61 /* LaunchScreen.storyboard */; };
/* End PBXBuildFile section */

/* Begin PBXFileReference section */
		F29785991C6D1A64009F8B61 /* HideBombs.app */ = {isa = PBXFileReference; explicitFileType = wrapper.application; includeInIndex = 0; path = HideBombs.app; sourceTree = BUILT_PRODUCTS_DIR; };
		F297859C1C6D1A64009F8B61 /* AppDelegate.swift */ = {isa = PBXFileReference; lastKnownFileType = sourcecode.swift; path = AppDelegate.swift; sourceTree = "<group>"; };
		F297859E1C6D1A64009F8B61 /* ViewController.swift */ = {isa = PBXFileReference; lastKnownFileType = sourcecode.swift; path = ViewController.swift; sourceTree = "<group>"; };
		F29785A11C6D1A64009F8B61 /* Base */ = {isa = PBXFileReference; lastKnownFileType = file.storyboard; name = Base; path = Base.lproj/Main.storyboard; sourceTree = "<group>"; };
		F29785A31C6D1A64009F8B61 /* Assets.xcassets */ = {isa = PBXFileReference; lastKnownFileType = folder.assetcatalog; path = Assets.xcassets; sourceTree = "<group>"; };
		F29785A61C6D1A64009F8B61 /* Base */ = {isa = PBXFileReference; lastKnownFileType = file.storyboard; name = Base; path = Base.lproj/LaunchScreen.storyboard; sourceTree = "<group>"; };
		F29785A81C6D1A64009F8B61 /* Info.plist */ = {isa = PBXFileReference; lastKnownFileType = text.plist.xml; path = Info.plist; sourceTree = "<group>"; };
/* End PBXFileReference section */

/* Begin PBXFrameworksBuildPhase section */
		F29785961C6D1A64009F8B61 /* Frameworks */ = {
			isa = PBXFrameworksBuildPhase;
			buildActionMask = 2147483647;
			files = (
			);
			runOnlyForDeploymentPostprocessing = 0;
		};
/* End PBXFrameworksBuildPhase section */

/* Begin PBXGroup section */
		F29785901C6D1A64009F8B61 = {
			isa = PBXGroup;
			children = (
				F297859B1C6D1A64009F8B61 /* HideBombs */,
				F297859A1C6D1A64009F8B61 /* Products */,
			);
			sourceTree = "<group>";
		};
		F297859A1C6D1A64009F8B61 /* Products */ = {
			isa = PBXGroup;
			children = (
				F29785991C6D1A64009F8B61 /* HideBombs.app */,
			);
			name = Products;
			sourceTree = "<group>";
		};
		F297859B1C6D1A64009F8B61 /* HideBombs */ = {
			isa = PBXGroup;
			children = (
				F297859C1C6D1A64009F8B61 /* AppDelegate.swift */,
				F297859E1C6D1A64009F8B61 /* ViewController.swift */,
				F29785A01C6D1A64009F8B61 /* Main.storyboard */,
				F29785A31C6D1A64009F8B61 /* Assets.xcassets */,
				F29785A51C6D1A64009F8B61 /* LaunchScreen.storyboard */,
				F29785A81C6D1A64009F8B61 /* Info.plist */,
			);
			path = HideBombs;
			sourceTree = "<group>";
		};
/* End PBXGroup section */

/* Begin PBXNativeTarget section */
		F29785981C6D1A64009F8B61 /* HideBombs */ = {
			isa = PBXNativeTarget;
			buildConfigurationList = F29785AB1C6D1A64009F8B61 /* Build configuration list for PBXNativeTarget "HideBombs" */;
			buildPhases = (
				F29785951C6D1A64009F8B61 /* Sources */,
				F29785961C6D1A64009F8B61 /* Frameworks */,
				F29785971C6D1A64009F8B61 /* Resources */,
			);
			buildRules = (
			);
			dependencies = (
			);
			name = HideBombs;
			productName = HideBombs;
			productReference = F29785991C6D1A64009F8B61 /* HideBombs.app */;
			productType = "com.apple.product-type.application";
		};
/* End PBXNativeTarget section */

/* Begin PBXProject section */
		F29785911C6D1A64009F8B61 /* Project object */ = {
			isa = PBXProject;
			attributes = {
				LastSwiftUpdateCheck = 0730;
				LastUpgradeCheck = 0730;
				ORGANIZATIONNAME = MerMer;
				TargetAttributes = {
					F29785981C6D1A64009F8B61 = {
						CreatedOnToolsVersion = 7.3;
					};
				};
			};
			buildConfigurationList = F29785941C6D1A64009F8B61 /* Build configuration list for PBXProject "HideBombs" */;
			compatibilityVersion = "Xcode 3.2";
			developmentRegion = English;
			hasScannedForEncodings = 0;
			knownRegions = (
				en,
				Base,
			);
			mainGroup = F29785901C6D1A64009F8B61;
			productRefGroup = F297859A1C6D1A64009F8B61 /* Products */;
			projectDirPath = "";
			projectRoot = "";
			targets = (
				F29785981C6D1A64009F8B61 /* HideBombs */,
			);
		};
/* End PBXProject section */

/* Begin PBXResourcesBuildPhase section */
		F29785971C6D1A64009F8B61 /* Resources */ = {
			isa = PBXResourcesBuildPhase;
			buildActionMask = 2147483647;
			files = (
				F29785A71C6D1A64009F8B61 /* LaunchScreen.storyboard in Resources */,
				F29785A41C6D1A64009F8B61 /* Assets.xcassets in Resources */,
				F29785A21C6D1A64009F8B61 /* Main.storyboard in Resources */,
			);
			runOnlyForDeploymentPostprocessing = 0;
		};
/* End PBXResourcesBuildPhase section */

/* Begin PBXSourcesBuildPhase section */
		F29785951C6D1A64009F8B61 /* Sources */ = {
			isa = PBXSourcesBuildPhase;
			buildActionMask = 2147483647;
			files = (
				F297859F1C6D1A64009F8B61 /* ViewController.swift in Sources */,
				F297859D1C6D1A64009F8B61 /* AppDelegate.swift in Sources */,
			);
			runOnlyForDeploymentPostprocessing = 0;
		};
/* End PBXSourcesBuildPhase section */

/* Begin PBXVariantGroup section */
		F29785A01C6D1A64009F8B61 /* Main.storyboard */ = {
			isa = PBXVariantGroup;
			children = (
				F29785A11C6D1A64009F8B61 /* Base */,
			);
			name = Main.storyboard;
			sourceTree = "<group>";
		};
		F29785A51C6D1A64009F8B61 /* LaunchScreen.storyboard */ = {
			isa = PBXVariantGroup;
			children = (
				F29785A61C6D1A64009F8B61 /* Base */,
			);
			name = LaunchScreen.storyboard;
			sourceTree = "<group>";
		};
/* End PBXVariantGroup section */

/* Begin XCBuildConfiguration section */
		F29785A91C6D1A64009F8B61 /* Debug */ = {
			isa = XCBuildConfiguration;
			buildSettings = {
				ALWAYS_SEARCH_USER_PATHS = NO;
				CLANG_ANALYZER_NONNULL = YES;
				CLANG_CXX_LANGUAGE_STANDARD = "gnu++0x";
				CLANG_CXX_LIBRARY = "libc++";
				CLANG_ENABLE_MODULES = YES;
				CLANG_ENABLE_OBJC_ARC = YES;
				CLANG_WARN_BOOL_CONVERSION = YES;
				CLANG_WARN_CONSTANT_CONVERSION = YES;
				CLANG_WARN_DIRECT_OBJC_ISA_USAGE = YES_ERROR;
				CLANG_WARN_EMPTY_BODY = YES;
				CLANG_WARN_ENUM_CONVERSION = YES;
				CLANG_WARN_INT_CONVERSION = YES;
				CLANG_WARN_OBJC_ROOT_CLASS = YES_ERROR;
				CLANG_WARN_UNREACHABLE_CODE = YES;
				CLANG_WARN__DUPLICATE_METHOD_MATCH = YES;
				"CODE_SIGN_IDENTITY[sdk=iphoneos*]" = "iPhone Developer";
				COPY_PHASE_STRIP = NO;
				DEBUG_INFORMATION_FORMAT = dwarf;
				ENABLE_STRICT_OBJC_MSGSEND = YES;
				ENABLE_TESTABILITY = YES;
				GCC_C_LANGUAGE_STANDARD = gnu99;
				GCC_DYNAMIC_NO_PIC = NO;
				GCC_NO_COMMON_BLOCKS = YES;
				GCC_OPTIMIZATION_LEVEL = 0;
				GCC_PREPROCESSOR_DEFINITIONS = (
					"DEBUG=1",
					"$(inherited)",
				);
				GCC_WARN_64_TO_32_BIT_CONVERSION = YES;
				GCC_WARN_ABOUT_RETURN_TYPE = YES_ERROR;
				GCC_WARN_UNDECLARED_SELECTOR = YES;
				GCC_WARN_UNINITIALIZED_AUTOS = YES_AGGRESSIVE;
				GCC_WARN_UNUSED_FUNCTION = YES;
				GCC_WARN_UNUSED_VARIABLE = YES;
				IPHONEOS_DEPLOYMENT_TARGET = 9.3;
				MTL_ENABLE_DEBUG_INFO = YES;
				ONLY_ACTIVE_ARCH = YES;
				SDKROOT = iphoneos;
				SWIFT_OPTIMIZATION_LEVEL = "-Onone";
			};
			name = Debug;
		};
		F29785AA1C6D1A64009F8B61 /* Release */ = {
			isa = XCBuildConfiguration;
			buildSettings = {
				ALWAYS_SEARCH_USER_PATHS = NO;
				CLANG_ANALYZER_NONNULL = YES;
				CLANG_CXX_LANGUAGE_STANDARD = "gnu++0x";
				CLANG_CXX_LIBRARY = "libc++";
				CLANG_ENABLE_MODULES = YES;
				CLANG_ENABLE_OBJC_ARC = YES;
				CLANG_WARN_BOOL_CONVERSION = YES;
				CLANG_WARN_CONSTANT_CONVERSION = YES;
				CLANG_WARN_DIRECT_OBJC_ISA_USAGE = YES_ERROR;
				CLANG_WARN_EMPTY_BODY = YES;
				CLANG_WARN_ENUM_CONVERSION = YES;
				CLANG_WARN_INT_CONVERSION = YES;
				CLANG_WARN_OBJC_ROOT_CLASS = YES_ERROR;
				CLANG_WARN_UNREACHABLE_CODE = YES;
				CLANG_WARN__DUPLICATE_METHOD_MATCH = YES;
				"CODE_SIGN_IDENTITY[sdk=iphoneos*]" = "iPhone Developer";
				COPY_PHASE_STRIP = NO;
				DEBUG_INFORMATION_FORMAT = "dwarf-with-dsym";
				ENABLE_NS_ASSERTIONS = NO;
				ENABLE_STRICT_OBJC_MSGSEND = YES;
				GCC_C_LANGUAGE_STANDARD = gnu99;
				GCC_NO_COMMON_BLOCKS = YES;
				GCC_WARN_64_TO_32_BIT_CONVERSION = YES;
				GCC_WARN_ABOUT_RETURN_TYPE = YES_ERROR;
				GCC_WARN_UNDECLARED_SELECTOR = YES;
				GCC_WARN_UNINITIALIZED_AUTOS = YES_AGGRESSIVE;
				GCC_WARN_UNUSED_FUNCTION = YES;
				GCC_WARN_UNUSED_VARIABLE = YES;
				IPHONEOS_DEPLOYMENT_TARGET = 9.3;
				MTL_ENABLE_DEBUG_INFO = NO;
				SDKROOT = iphoneos;
				VALIDATE_PRODUCT = YES;
			};
			name = Release;
		};
		F29785AC1C6D1A64009F8B61 /* Debug */ = {
			isa = XCBuildConfiguration;
			buildSettings = {
				ASSETCATALOG_COMPILER_APPICON_NAME = AppIcon;
				INFOPLIST_FILE = HideBombs/Info.plist;
				LD_RUNPATH_SEARCH_PATHS = "$(inherited) @executable_path/Frameworks";
				PRODUCT_BUNDLE_IDENTIFIER = com.mermer.HideBombs;
				PRODUCT_NAME = "$(TARGET_NAME)";
				TARGETED_DEVICE_FAMILY = 1;
			};
			name = Debug;
		};
		F29785AD1C6D1A64009F8B61 /* Release */ = {
			isa = XCBuildConfiguration;
			buildSettings = {
				ASSETCATALOG_COMPILER_APPICON_NAME = AppIcon;
				INFOPLIST_FILE = HideBombs/Info.plist;
				LD_RUNPATH_SEARCH_PATHS = "$(inherited) @executable_path/Frameworks";
				PRODUCT_BUNDLE_IDENTIFIER = com.mermer.HideBombs;
				PRODUCT_NAME = "$(TARGET_NAME)";
				TARGETED_DEVICE_FAMILY = 1;
			};
			name = Release;
		};
/* End XCBuildConfiguration section */

/* Begin XCConfigurationList section */
		F29785941C6D1A64009F8B61 /* Build configuration list for PBXProject "HideBombs" */ = {
			isa = XCConfigurationList;
			buildConfigurations = (
				F29785A91C6D1A64009F8B61 /* Debug */,
				F29785AA1C6D1A64009F8B61 /* Release */,
			);
			defaultConfigurationIsVisible = 0;
			defaultConfigurationName = Release;
		};
		F29785AB1C6D1A64009F8B61 /* Build configuration list for PBXNativeTarget "HideBombs" */ = {
			isa = XCConfigurationList;
			buildConfigurations = (
				F29785AC1C6D1A64009F8B61 /* Debug */,
				F29785AD1C6D1A64009F8B61 /* Release */,
			);
			defaultConfigurationIsVisible = 0;
		};
/* End XCConfigurationList section */
	};
	rootObject = F29785911C6D1A64009F8B61 /* Project object */;
}
